// !$*UTF8*$!
{
	archiveVersion = 1;
	classes = {
	};
	objectVersion = 46;
	objects = {

/* Begin PBXBuildFile section */
		4A8C97202796889BE1D51AE5 /* Pods_PVfessionsTests.framework in Frameworks */ = {isa = PBXBuildFile; fileRef = D2C8D706FA84A9F08210227A /* Pods_PVfessionsTests.framework */; };
		5BBAA2ABFBF7F37F492F320C /* Pods_PVfessions.framework in Frameworks */ = {isa = PBXBuildFile; fileRef = 5C1F750E7F8102F8375BFE47 /* Pods_PVfessions.framework */; };
		726563293362688D0B6D10C1 /* Pods_PVfessionsUITests.framework in Frameworks */ = {isa = PBXBuildFile; fileRef = BB3D11AC79A4C2B82EE5C78C /* Pods_PVfessionsUITests.framework */; };
		D0B0BA681E764442001BA126 /* AppDelegate.swift in Sources */ = {isa = PBXBuildFile; fileRef = D0B0BA671E764442001BA126 /* AppDelegate.swift */; };
		D0B0BA6A1E764442001BA126 /* ViewController.swift in Sources */ = {isa = PBXBuildFile; fileRef = D0B0BA691E764442001BA126 /* ViewController.swift */; };
		D0B0BA6D1E764442001BA126 /* Main.storyboard in Resources */ = {isa = PBXBuildFile; fileRef = D0B0BA6B1E764442001BA126 /* Main.storyboard */; };
		D0B0BA6F1E764442001BA126 /* Assets.xcassets in Resources */ = {isa = PBXBuildFile; fileRef = D0B0BA6E1E764442001BA126 /* Assets.xcassets */; };
		D0B0BA721E764442001BA126 /* LaunchScreen.storyboard in Resources */ = {isa = PBXBuildFile; fileRef = D0B0BA701E764442001BA126 /* LaunchScreen.storyboard */; };
		D0B0BA7D1E764443001BA126 /* PVfessionsTests.swift in Sources */ = {isa = PBXBuildFile; fileRef = D0B0BA7C1E764443001BA126 /* PVfessionsTests.swift */; };
		D0B0BA881E764443001BA126 /* PVfessionsUITests.swift in Sources */ = {isa = PBXBuildFile; fileRef = D0B0BA871E764443001BA126 /* PVfessionsUITests.swift */; };
		D0B0BA961E764532001BA126 /* GoogleService-Info.plist in Resources */ = {isa = PBXBuildFile; fileRef = D0B0BA951E764532001BA126 /* GoogleService-Info.plist */; };
/* End PBXBuildFile section */

/* Begin PBXContainerItemProxy section */
		D0B0BA791E764443001BA126 /* PBXContainerItemProxy */ = {
			isa = PBXContainerItemProxy;
			containerPortal = D0B0BA5C1E764442001BA126 /* Project object */;
			proxyType = 1;
			remoteGlobalIDString = D0B0BA631E764442001BA126;
			remoteInfo = PVfessions;
		};
		D0B0BA841E764443001BA126 /* PBXContainerItemProxy */ = {
			isa = PBXContainerItemProxy;
			containerPortal = D0B0BA5C1E764442001BA126 /* Project object */;
			proxyType = 1;
			remoteGlobalIDString = D0B0BA631E764442001BA126;
			remoteInfo = PVfessions;
		};
/* End PBXContainerItemProxy section */

/* Begin PBXFileReference section */
		16738DD57B0011FEEDFE6D1E /* Pods-PVfessions.debug.xcconfig */ = {isa = PBXFileReference; includeInIndex = 1; lastKnownFileType = text.xcconfig; name = "Pods-PVfessions.debug.xcconfig"; path = "Pods/Target Support Files/Pods-PVfessions/Pods-PVfessions.debug.xcconfig"; sourceTree = "<group>"; };
		241DB9E976EE83D5DBF0188C /* Pods-PVfessions.release.xcconfig */ = {isa = PBXFileReference; includeInIndex = 1; lastKnownFileType = text.xcconfig; name = "Pods-PVfessions.release.xcconfig"; path = "Pods/Target Support Files/Pods-PVfessions/Pods-PVfessions.release.xcconfig"; sourceTree = "<group>"; };
		4961BE6D5FDA37B54709C857 /* Pods-PVfessionsUITests.release.xcconfig */ = {isa = PBXFileReference; includeInIndex = 1; lastKnownFileType = text.xcconfig; name = "Pods-PVfessionsUITests.release.xcconfig"; path = "Pods/Target Support Files/Pods-PVfessionsUITests/Pods-PVfessionsUITests.release.xcconfig"; sourceTree = "<group>"; };
		5C1F750E7F8102F8375BFE47 /* Pods_PVfessions.framework */ = {isa = PBXFileReference; explicitFileType = wrapper.framework; includeInIndex = 0; path = Pods_PVfessions.framework; sourceTree = BUILT_PRODUCTS_DIR; };
		9ACEFC9E0E3C06B58EEB3721 /* Pods-PVfessionsUITests.debug.xcconfig */ = {isa = PBXFileReference; includeInIndex = 1; lastKnownFileType = text.xcconfig; name = "Pods-PVfessionsUITests.debug.xcconfig"; path = "Pods/Target Support Files/Pods-PVfessionsUITests/Pods-PVfessionsUITests.debug.xcconfig"; sourceTree = "<group>"; };
		ACC208210578211505A83212 /* Pods-PVfessionsTests.release.xcconfig */ = {isa = PBXFileReference; includeInIndex = 1; lastKnownFileType = text.xcconfig; name = "Pods-PVfessionsTests.release.xcconfig"; path = "Pods/Target Support Files/Pods-PVfessionsTests/Pods-PVfessionsTests.release.xcconfig"; sourceTree = "<group>"; };
		BB3D11AC79A4C2B82EE5C78C /* Pods_PVfessionsUITests.framework */ = {isa = PBXFileReference; explicitFileType = wrapper.framework; includeInIndex = 0; path = Pods_PVfessionsUITests.framework; sourceTree = BUILT_PRODUCTS_DIR; };
		D0B0BA641E764442001BA126 /* PVfessions.app */ = {isa = PBXFileReference; explicitFileType = wrapper.application; includeInIndex = 0; path = PVfessions.app; sourceTree = BUILT_PRODUCTS_DIR; };
		D0B0BA671E764442001BA126 /* AppDelegate.swift */ = {isa = PBXFileReference; lastKnownFileType = sourcecode.swift; path = AppDelegate.swift; sourceTree = "<group>"; };
		D0B0BA691E764442001BA126 /* ViewController.swift */ = {isa = PBXFileReference; lastKnownFileType = sourcecode.swift; path = ViewController.swift; sourceTree = "<group>"; };
		D0B0BA6C1E764442001BA126 /* Base */ = {isa = PBXFileReference; lastKnownFileType = file.storyboard; name = Base; path = Base.lproj/Main.storyboard; sourceTree = "<group>"; };
		D0B0BA6E1E764442001BA126 /* Assets.xcassets */ = {isa = PBXFileReference; lastKnownFileType = folder.assetcatalog; path = Assets.xcassets; sourceTree = "<group>"; };
		D0B0BA711E764442001BA126 /* Base */ = {isa = PBXFileReference; lastKnownFileType = file.storyboard; name = Base; path = Base.lproj/LaunchScreen.storyboard; sourceTree = "<group>"; };
		D0B0BA731E764442001BA126 /* Info.plist */ = {isa = PBXFileReference; lastKnownFileType = text.plist.xml; path = Info.plist; sourceTree = "<group>"; };
		D0B0BA781E764443001BA126 /* PVfessionsTests.xctest */ = {isa = PBXFileReference; explicitFileType = wrapper.cfbundle; includeInIndex = 0; path = PVfessionsTests.xctest; sourceTree = BUILT_PRODUCTS_DIR; };
		D0B0BA7C1E764443001BA126 /* PVfessionsTests.swift */ = {isa = PBXFileReference; lastKnownFileType = sourcecode.swift; path = PVfessionsTests.swift; sourceTree = "<group>"; };
		D0B0BA7E1E764443001BA126 /* Info.plist */ = {isa = PBXFileReference; lastKnownFileType = text.plist.xml; path = Info.plist; sourceTree = "<group>"; };
		D0B0BA831E764443001BA126 /* PVfessionsUITests.xctest */ = {isa = PBXFileReference; explicitFileType = wrapper.cfbundle; includeInIndex = 0; path = PVfessionsUITests.xctest; sourceTree = BUILT_PRODUCTS_DIR; };
		D0B0BA871E764443001BA126 /* PVfessionsUITests.swift */ = {isa = PBXFileReference; lastKnownFileType = sourcecode.swift; path = PVfessionsUITests.swift; sourceTree = "<group>"; };
		D0B0BA891E764443001BA126 /* Info.plist */ = {isa = PBXFileReference; lastKnownFileType = text.plist.xml; path = Info.plist; sourceTree = "<group>"; };
		D0B0BA951E764532001BA126 /* GoogleService-Info.plist */ = {isa = PBXFileReference; fileEncoding = 4; lastKnownFileType = text.plist.xml; path = "GoogleService-Info.plist"; sourceTree = "<group>"; };
		D2C8D706FA84A9F08210227A /* Pods_PVfessionsTests.framework */ = {isa = PBXFileReference; explicitFileType = wrapper.framework; includeInIndex = 0; path = Pods_PVfessionsTests.framework; sourceTree = BUILT_PRODUCTS_DIR; };
		EBFE5FD42CF5434EBF1FB71F /* Pods-PVfessionsTests.debug.xcconfig */ = {isa = PBXFileReference; includeInIndex = 1; lastKnownFileType = text.xcconfig; name = "Pods-PVfessionsTests.debug.xcconfig"; path = "Pods/Target Support Files/Pods-PVfessionsTests/Pods-PVfessionsTests.debug.xcconfig"; sourceTree = "<group>"; };
/* End PBXFileReference section */

/* Begin PBXFrameworksBuildPhase section */
		D0B0BA611E764442001BA126 /* Frameworks */ = {
			isa = PBXFrameworksBuildPhase;
			buildActionMask = 2147483647;
			files = (
				5BBAA2ABFBF7F37F492F320C /* Pods_PVfessions.framework in Frameworks */,
			);
			runOnlyForDeploymentPostprocessing = 0;
		};
		D0B0BA751E764443001BA126 /* Frameworks */ = {
			isa = PBXFrameworksBuildPhase;
			buildActionMask = 2147483647;
			files = (
				4A8C97202796889BE1D51AE5 /* Pods_PVfessionsTests.framework in Frameworks */,
			);
			runOnlyForDeploymentPostprocessing = 0;
		};
		D0B0BA801E764443001BA126 /* Frameworks */ = {
			isa = PBXFrameworksBuildPhase;
			buildActionMask = 2147483647;
			files = (
				726563293362688D0B6D10C1 /* Pods_PVfessionsUITests.framework in Frameworks */,
			);
			runOnlyForDeploymentPostprocessing = 0;
		};
/* End PBXFrameworksBuildPhase section */

/* Begin PBXGroup section */
		6D186CD8C9862B4887917E6D /* Frameworks */ = {
			isa = PBXGroup;
			children = (
				5C1F750E7F8102F8375BFE47 /* Pods_PVfessions.framework */,
				D2C8D706FA84A9F08210227A /* Pods_PVfessionsTests.framework */,
				BB3D11AC79A4C2B82EE5C78C /* Pods_PVfessionsUITests.framework */,
			);
			name = Frameworks;
			sourceTree = "<group>";
		};
		C1C7343764D98D8E80F374E4 /* Pods */ = {
			isa = PBXGroup;
			children = (
				16738DD57B0011FEEDFE6D1E /* Pods-PVfessions.debug.xcconfig */,
				241DB9E976EE83D5DBF0188C /* Pods-PVfessions.release.xcconfig */,
				EBFE5FD42CF5434EBF1FB71F /* Pods-PVfessionsTests.debug.xcconfig */,
				ACC208210578211505A83212 /* Pods-PVfessionsTests.release.xcconfig */,
				9ACEFC9E0E3C06B58EEB3721 /* Pods-PVfessionsUITests.debug.xcconfig */,
				4961BE6D5FDA37B54709C857 /* Pods-PVfessionsUITests.release.xcconfig */,
			);
			name = Pods;
			sourceTree = "<group>";
		};
		D0B0BA5B1E764442001BA126 = {
			isa = PBXGroup;
			children = (
				D0B0BA661E764442001BA126 /* PVfessions */,
				D0B0BA7B1E764443001BA126 /* PVfessionsTests */,
				D0B0BA861E764443001BA126 /* PVfessionsUITests */,
				D0B0BA651E764442001BA126 /* Products */,
				C1C7343764D98D8E80F374E4 /* Pods */,
				6D186CD8C9862B4887917E6D /* Frameworks */,
			);
			sourceTree = "<group>";
		};
		D0B0BA651E764442001BA126 /* Products */ = {
			isa = PBXGroup;
			children = (
				D0B0BA641E764442001BA126 /* PVfessions.app */,
				D0B0BA781E764443001BA126 /* PVfessionsTests.xctest */,
				D0B0BA831E764443001BA126 /* PVfessionsUITests.xctest */,
			);
			name = Products;
			sourceTree = "<group>";
		};
		D0B0BA661E764442001BA126 /* PVfessions */ = {
			isa = PBXGroup;
			children = (
				D0B0BA671E764442001BA126 /* AppDelegate.swift */,
				D0B0BA691E764442001BA126 /* ViewController.swift */,
				D0B0BA6B1E764442001BA126 /* Main.storyboard */,
				D0B0BA6E1E764442001BA126 /* Assets.xcassets */,
				D0B0BA701E764442001BA126 /* LaunchScreen.storyboard */,
				D0B0BA731E764442001BA126 /* Info.plist */,
				D0B0BA951E764532001BA126 /* GoogleService-Info.plist */,
			);
			path = PVfessions;
			sourceTree = "<group>";
		};
		D0B0BA7B1E764443001BA126 /* PVfessionsTests */ = {
			isa = PBXGroup;
			children = (
				D0B0BA7C1E764443001BA126 /* PVfessionsTests.swift */,
				D0B0BA7E1E764443001BA126 /* Info.plist */,
			);
			path = PVfessionsTests;
			sourceTree = "<group>";
		};
		D0B0BA861E764443001BA126 /* PVfessionsUITests */ = {
			isa = PBXGroup;
			children = (
				D0B0BA871E764443001BA126 /* PVfessionsUITests.swift */,
				D0B0BA891E764443001BA126 /* Info.plist */,
			);
			path = PVfessionsUITests;
			sourceTree = "<group>";
		};
/* End PBXGroup section */

/* Begin PBXNativeTarget section */
		D0B0BA631E764442001BA126 /* PVfessions */ = {
			isa = PBXNativeTarget;
			buildConfigurationList = D0B0BA8C1E764443001BA126 /* Build configuration list for PBXNativeTarget "PVfessions" */;
			buildPhases = (
				615A3D6E23455720B3E1D0C3 /* [CP] Check Pods Manifest.lock */,
				D0B0BA601E764442001BA126 /* Sources */,
				D0B0BA611E764442001BA126 /* Frameworks */,
				D0B0BA621E764442001BA126 /* Resources */,
				A86AE9E42EB5B0273389046F /* [CP] Embed Pods Frameworks */,
				B377F8A0DBC2FA868526AC6D /* [CP] Copy Pods Resources */,
			);
			buildRules = (
			);
			dependencies = (
			);
			name = PVfessions;
			productName = PVfessions;
			productReference = D0B0BA641E764442001BA126 /* PVfessions.app */;
			productType = "com.apple.product-type.application";
		};
		D0B0BA771E764443001BA126 /* PVfessionsTests */ = {
			isa = PBXNativeTarget;
			buildConfigurationList = D0B0BA8F1E764443001BA126 /* Build configuration list for PBXNativeTarget "PVfessionsTests" */;
			buildPhases = (
				B5889837FF540870E5631786 /* [CP] Check Pods Manifest.lock */,
				D0B0BA741E764443001BA126 /* Sources */,
				D0B0BA751E764443001BA126 /* Frameworks */,
				D0B0BA761E764443001BA126 /* Resources */,
				3D842405A6BE1E4D83B08EB5 /* [CP] Embed Pods Frameworks */,
				3C386937D1E1A7B36DB592B3 /* [CP] Copy Pods Resources */,
			);
			buildRules = (
			);
			dependencies = (
				D0B0BA7A1E764443001BA126 /* PBXTargetDependency */,
			);
			name = PVfessionsTests;
			productName = PVfessionsTests;
			productReference = D0B0BA781E764443001BA126 /* PVfessionsTests.xctest */;
			productType = "com.apple.product-type.bundle.unit-test";
		};
		D0B0BA821E764443001BA126 /* PVfessionsUITests */ = {
			isa = PBXNativeTarget;
			buildConfigurationList = D0B0BA921E764443001BA126 /* Build configuration list for PBXNativeTarget "PVfessionsUITests" */;
			buildPhases = (
				CEAC488B86E552FB609E4975 /* [CP] Check Pods Manifest.lock */,
				D0B0BA7F1E764443001BA126 /* Sources */,
				D0B0BA801E764443001BA126 /* Frameworks */,
				D0B0BA811E764443001BA126 /* Resources */,
				A0D94DD39BF8BA9104456CFD /* [CP] Embed Pods Frameworks */,
				4EB72EBBACD881523585D0E7 /* [CP] Copy Pods Resources */,
			);
			buildRules = (
			);
			dependencies = (
				D0B0BA851E764443001BA126 /* PBXTargetDependency */,
			);
			name = PVfessionsUITests;
			productName = PVfessionsUITests;
			productReference = D0B0BA831E764443001BA126 /* PVfessionsUITests.xctest */;
			productType = "com.apple.product-type.bundle.ui-testing";
		};
/* End PBXNativeTarget section */

/* Begin PBXProject section */
		D0B0BA5C1E764442001BA126 /* Project object */ = {
			isa = PBXProject;
			attributes = {
				LastSwiftUpdateCheck = 0820;
				LastUpgradeCheck = 0820;
				ORGANIZATIONNAME = "PVfessions Inc.";
				TargetAttributes = {
					D0B0BA631E764442001BA126 = {
						CreatedOnToolsVersion = 8.2.1;
						DevelopmentTeam = 96QE7H4LVL;
						ProvisioningStyle = Automatic;
					};
					D0B0BA771E764443001BA126 = {
						CreatedOnToolsVersion = 8.2.1;
						DevelopmentTeam = 96QE7H4LVL;
						ProvisioningStyle = Automatic;
						TestTargetID = D0B0BA631E764442001BA126;
					};
					D0B0BA821E764443001BA126 = {
						CreatedOnToolsVersion = 8.2.1;
						DevelopmentTeam = 96QE7H4LVL;
						ProvisioningStyle = Automatic;
						TestTargetID = D0B0BA631E764442001BA126;
					};
				};
			};
			buildConfigurationList = D0B0BA5F1E764442001BA126 /* Build configuration list for PBXProject "PVfessions" */;
			compatibilityVersion = "Xcode 3.2";
			developmentRegion = English;
			hasScannedForEncodings = 0;
			knownRegions = (
				en,
				Base,
			);
			mainGroup = D0B0BA5B1E764442001BA126;
			productRefGroup = D0B0BA651E764442001BA126 /* Products */;
			projectDirPath = "";
			projectRoot = "";
			targets = (
				D0B0BA631E764442001BA126 /* PVfessions */,
				D0B0BA771E764443001BA126 /* PVfessionsTests */,
				D0B0BA821E764443001BA126 /* PVfessionsUITests */,
			);
		};
/* End PBXProject section */

/* Begin PBXResourcesBuildPhase section */
		D0B0BA621E764442001BA126 /* Resources */ = {
			isa = PBXResourcesBuildPhase;
			buildActionMask = 2147483647;
			files = (
				D0B0BA721E764442001BA126 /* LaunchScreen.storyboard in Resources */,
				D0B0BA961E764532001BA126 /* GoogleService-Info.plist in Resources */,
				D0B0BA6F1E764442001BA126 /* Assets.xcassets in Resources */,
				D0B0BA6D1E764442001BA126 /* Main.storyboard in Resources */,
			);
			runOnlyForDeploymentPostprocessing = 0;
		};
		D0B0BA761E764443001BA126 /* Resources */ = {
			isa = PBXResourcesBuildPhase;
			buildActionMask = 2147483647;
			files = (
			);
			runOnlyForDeploymentPostprocessing = 0;
		};
		D0B0BA811E764443001BA126 /* Resources */ = {
			isa = PBXResourcesBuildPhase;
			buildActionMask = 2147483647;
			files = (
			);
			runOnlyForDeploymentPostprocessing = 0;
		};
/* End PBXResourcesBuildPhase section */

/* Begin PBXShellScriptBuildPhase section */
		3C386937D1E1A7B36DB592B3 /* [CP] Copy Pods Resources */ = {
			isa = PBXShellScriptBuildPhase;
			buildActionMask = 2147483647;
			files = (
			);
			inputPaths = (
			);
			name = "[CP] Copy Pods Resources";
			outputPaths = (
			);
			runOnlyForDeploymentPostprocessing = 0;
			shellPath = /bin/sh;
			shellScript = "\"${SRCROOT}/Pods/Target Support Files/Pods-PVfessionsTests/Pods-PVfessionsTests-resources.sh\"\n";
			showEnvVarsInLog = 0;
		};
		3D842405A6BE1E4D83B08EB5 /* [CP] Embed Pods Frameworks */ = {
			isa = PBXShellScriptBuildPhase;
			buildActionMask = 2147483647;
			files = (
			);
			inputPaths = (
			);
			name = "[CP] Embed Pods Frameworks";
			outputPaths = (
			);
			runOnlyForDeploymentPostprocessing = 0;
			shellPath = /bin/sh;
			shellScript = "\"${SRCROOT}/Pods/Target Support Files/Pods-PVfessionsTests/Pods-PVfessionsTests-frameworks.sh\"\n";
			showEnvVarsInLog = 0;
		};
		4EB72EBBACD881523585D0E7 /* [CP] Copy Pods Resources */ = {
			isa = PBXShellScriptBuildPhase;
			buildActionMask = 2147483647;
			files = (
			);
			inputPaths = (
			);
			name = "[CP] Copy Pods Resources";
			outputPaths = (
			);
			runOnlyForDeploymentPostprocessing = 0;
			shellPath = /bin/sh;
			shellScript = "\"${SRCROOT}/Pods/Target Support Files/Pods-PVfessionsUITests/Pods-PVfessionsUITests-resources.sh\"\n";
			showEnvVarsInLog = 0;
		};
		615A3D6E23455720B3E1D0C3 /* [CP] Check Pods Manifest.lock */ = {
			isa = PBXShellScriptBuildPhase;
			buildActionMask = 2147483647;
			files = (
			);
			inputPaths = (
			);
			name = "[CP] Check Pods Manifest.lock";
			outputPaths = (
			);
			runOnlyForDeploymentPostprocessing = 0;
			shellPath = /bin/sh;
			shellScript = "diff \"${PODS_ROOT}/../Podfile.lock\" \"${PODS_ROOT}/Manifest.lock\" > /dev/null\nif [ $? != 0 ] ; then\n    # print error to STDERR\n    echo \"error: The sandbox is not in sync with the Podfile.lock. Run 'pod install' or update your CocoaPods installation.\" >&2\n    exit 1\nfi\n";
			showEnvVarsInLog = 0;
		};
		A0D94DD39BF8BA9104456CFD /* [CP] Embed Pods Frameworks */ = {
			isa = PBXShellScriptBuildPhase;
			buildActionMask = 2147483647;
			files = (
			);
			inputPaths = (
			);
			name = "[CP] Embed Pods Frameworks";
			outputPaths = (
			);
			runOnlyForDeploymentPostprocessing = 0;
			shellPath = /bin/sh;
			shellScript = "\"${SRCROOT}/Pods/Target Support Files/Pods-PVfessionsUITests/Pods-PVfessionsUITests-frameworks.sh\"\n";
			showEnvVarsInLog = 0;
		};
		A86AE9E42EB5B0273389046F /* [CP] Embed Pods Frameworks */ = {
			isa = PBXShellScriptBuildPhase;
			buildActionMask = 2147483647;
			files = (
			);
			inputPaths = (
			);
			name = "[CP] Embed Pods Frameworks";
			outputPaths = (
			);
			runOnlyForDeploymentPostprocessing = 0;
			shellPath = /bin/sh;
			shellScript = "\"${SRCROOT}/Pods/Target Support Files/Pods-PVfessions/Pods-PVfessions-frameworks.sh\"\n";
			showEnvVarsInLog = 0;
		};
		B377F8A0DBC2FA868526AC6D /* [CP] Copy Pods Resources */ = {
			isa = PBXShellScriptBuildPhase;
			buildActionMask = 2147483647;
			files = (
			);
			inputPaths = (
			);
			name = "[CP] Copy Pods Resources";
			outputPaths = (
			);
			runOnlyForDeploymentPostprocessing = 0;
			shellPath = /bin/sh;
			shellScript = "\"${SRCROOT}/Pods/Target Support Files/Pods-PVfessions/Pods-PVfessions-resources.sh\"\n";
			showEnvVarsInLog = 0;
		};
		B5889837FF540870E5631786 /* [CP] Check Pods Manifest.lock */ = {
			isa = PBXShellScriptBuildPhase;
			buildActionMask = 2147483647;
			files = (
			);
			inputPaths = (
			);
			name = "[CP] Check Pods Manifest.lock";
			outputPaths = (
			);
			runOnlyForDeploymentPostprocessing = 0;
			shellPath = /bin/sh;
			shellScript = "diff \"${PODS_ROOT}/../Podfile.lock\" \"${PODS_ROOT}/Manifest.lock\" > /dev/null\nif [ $? != 0 ] ; then\n    # print error to STDERR\n    echo \"error: The sandbox is not in sync with the Podfile.lock. Run 'pod install' or update your CocoaPods installation.\" >&2\n    exit 1\nfi\n";
			showEnvVarsInLog = 0;
		};
		CEAC488B86E552FB609E4975 /* [CP] Check Pods Manifest.lock */ = {
			isa = PBXShellScriptBuildPhase;
			buildActionMask = 2147483647;
			files = (
			);
			inputPaths = (
			);
			name = "[CP] Check Pods Manifest.lock";
			outputPaths = (
			);
			runOnlyForDeploymentPostprocessing = 0;
			shellPath = /bin/sh;
			shellScript = "diff \"${PODS_ROOT}/../Podfile.lock\" \"${PODS_ROOT}/Manifest.lock\" > /dev/null\nif [ $? != 0 ] ; then\n    # print error to STDERR\n    echo \"error: The sandbox is not in sync with the Podfile.lock. Run 'pod install' or update your CocoaPods installation.\" >&2\n    exit 1\nfi\n";
			showEnvVarsInLog = 0;
		};
/* End PBXShellScriptBuildPhase section */

/* Begin PBXSourcesBuildPhase section */
		D0B0BA601E764442001BA126 /* Sources */ = {
			isa = PBXSourcesBuildPhase;
			buildActionMask = 2147483647;
			files = (
				D0B0BA6A1E764442001BA126 /* ViewController.swift in Sources */,
				D0B0BA681E764442001BA126 /* AppDelegate.swift in Sources */,
			);
			runOnlyForDeploymentPostprocessing = 0;
		};
		D0B0BA741E764443001BA126 /* Sources */ = {
			isa = PBXSourcesBuildPhase;
			buildActionMask = 2147483647;
			files = (
				D0B0BA7D1E764443001BA126 /* PVfessionsTests.swift in Sources */,
			);
			runOnlyForDeploymentPostprocessing = 0;
		};
		D0B0BA7F1E764443001BA126 /* Sources */ = {
			isa = PBXSourcesBuildPhase;
			buildActionMask = 2147483647;
			files = (
				D0B0BA881E764443001BA126 /* PVfessionsUITests.swift in Sources */,
			);
			runOnlyForDeploymentPostprocessing = 0;
		};
/* End PBXSourcesBuildPhase section */

/* Begin PBXTargetDependency section */
		D0B0BA7A1E764443001BA126 /* PBXTargetDependency */ = {
			isa = PBXTargetDependency;
			target = D0B0BA631E764442001BA126 /* PVfessions */;
			targetProxy = D0B0BA791E764443001BA126 /* PBXContainerItemProxy */;
		};
		D0B0BA851E764443001BA126 /* PBXTargetDependency */ = {
			isa = PBXTargetDependency;
			target = D0B0BA631E764442001BA126 /* PVfessions */;
			targetProxy = D0B0BA841E764443001BA126 /* PBXContainerItemProxy */;
		};
/* End PBXTargetDependency section */

/* Begin PBXVariantGroup section */
		D0B0BA6B1E764442001BA126 /* Main.storyboard */ = {
			isa = PBXVariantGroup;
			children = (
				D0B0BA6C1E764442001BA126 /* Base */,
			);
			name = Main.storyboard;
			sourceTree = "<group>";
		};
		D0B0BA701E764442001BA126 /* LaunchScreen.storyboard */ = {
			isa = PBXVariantGroup;
			children = (
				D0B0BA711E764442001BA126 /* Base */,
			);
			name = LaunchScreen.storyboard;
			sourceTree = "<group>";
		};
/* End PBXVariantGroup section */

/* Begin XCBuildConfiguration section */
		D0B0BA8A1E764443001BA126 /* Debug */ = {
			isa = XCBuildConfiguration;
			buildSettings = {
				ALWAYS_SEARCH_USER_PATHS = NO;
				CLANG_ANALYZER_NONNULL = YES;
				CLANG_CXX_LANGUAGE_STANDARD = "gnu++0x";
				CLANG_CXX_LIBRARY = "libc++";
				CLANG_ENABLE_MODULES = YES;
				CLANG_ENABLE_OBJC_ARC = YES;
				CLANG_WARN_BOOL_CONVERSION = YES;
				CLANG_WARN_CONSTANT_CONVERSION = YES;
				CLANG_WARN_DIRECT_OBJC_ISA_USAGE = YES_ERROR;
				CLANG_WARN_DOCUMENTATION_COMMENTS = YES;
				CLANG_WARN_EMPTY_BODY = YES;
				CLANG_WARN_ENUM_CONVERSION = YES;
				CLANG_WARN_INFINITE_RECURSION = YES;
				CLANG_WARN_INT_CONVERSION = YES;
				CLANG_WARN_OBJC_ROOT_CLASS = YES_ERROR;
				CLANG_WARN_SUSPICIOUS_MOVE = YES;
				CLANG_WARN_UNREACHABLE_CODE = YES;
				CLANG_WARN__DUPLICATE_METHOD_MATCH = YES;
				"CODE_SIGN_IDENTITY[sdk=iphoneos*]" = "iPhone Developer";
				COPY_PHASE_STRIP = NO;
				DEBUG_INFORMATION_FORMAT = dwarf;
				ENABLE_STRICT_OBJC_MSGSEND = YES;
				ENABLE_TESTABILITY = YES;
				GCC_C_LANGUAGE_STANDARD = gnu99;
				GCC_DYNAMIC_NO_PIC = NO;
				GCC_NO_COMMON_BLOCKS = YES;
				GCC_OPTIMIZATION_LEVEL = 0;
				GCC_PREPROCESSOR_DEFINITIONS = (
					"DEBUG=1",
					"$(inherited)",
				);
				GCC_WARN_64_TO_32_BIT_CONVERSION = YES;
				GCC_WARN_ABOUT_RETURN_TYPE = YES_ERROR;
				GCC_WARN_UNDECLARED_SELECTOR = YES;
				GCC_WARN_UNINITIALIZED_AUTOS = YES_AGGRESSIVE;
				GCC_WARN_UNUSED_FUNCTION = YES;
				GCC_WARN_UNUSED_VARIABLE = YES;
				IPHONEOS_DEPLOYMENT_TARGET = 10.2;
				MTL_ENABLE_DEBUG_INFO = YES;
				ONLY_ACTIVE_ARCH = YES;
				SDKROOT = iphoneos;
				SWIFT_ACTIVE_COMPILATION_CONDITIONS = DEBUG;
				SWIFT_OPTIMIZATION_LEVEL = "-Onone";
				TARGETED_DEVICE_FAMILY = "1,2";
			};
			name = Debug;
		};
		D0B0BA8B1E764443001BA126 /* Release */ = {
			isa = XCBuildConfiguration;
			buildSettings = {
				ALWAYS_SEARCH_USER_PATHS = NO;
				CLANG_ANALYZER_NONNULL = YES;
				CLANG_CXX_LANGUAGE_STANDARD = "gnu++0x";
				CLANG_CXX_LIBRARY = "libc++";
				CLANG_ENABLE_MODULES = YES;
				CLANG_ENABLE_OBJC_ARC = YES;
				CLANG_WARN_BOOL_CONVERSION = YES;
				CLANG_WARN_CONSTANT_CONVERSION = YES;
				CLANG_WARN_DIRECT_OBJC_ISA_USAGE = YES_ERROR;
				CLANG_WARN_DOCUMENTATION_COMMENTS = YES;
				CLANG_WARN_EMPTY_BODY = YES;
				CLANG_WARN_ENUM_CONVERSION = YES;
				CLANG_WARN_INFINITE_RECURSION = YES;
				CLANG_WARN_INT_CONVERSION = YES;
				CLANG_WARN_OBJC_ROOT_CLASS = YES_ERROR;
				CLANG_WARN_SUSPICIOUS_MOVE = YES;
				CLANG_WARN_UNREACHABLE_CODE = YES;
				CLANG_WARN__DUPLICATE_METHOD_MATCH = YES;
				"CODE_SIGN_IDENTITY[sdk=iphoneos*]" = "iPhone Developer";
				COPY_PHASE_STRIP = NO;
				DEBUG_INFORMATION_FORMAT = "dwarf-with-dsym";
				ENABLE_NS_ASSERTIONS = NO;
				ENABLE_STRICT_OBJC_MSGSEND = YES;
				GCC_C_LANGUAGE_STANDARD = gnu99;
				GCC_NO_COMMON_BLOCKS = YES;
				GCC_WARN_64_TO_32_BIT_CONVERSION = YES;
				GCC_WARN_ABOUT_RETURN_TYPE = YES_ERROR;
				GCC_WARN_UNDECLARED_SELECTOR = YES;
				GCC_WARN_UNINITIALIZED_AUTOS = YES_AGGRESSIVE;
				GCC_WARN_UNUSED_FUNCTION = YES;
				GCC_WARN_UNUSED_VARIABLE = YES;
				IPHONEOS_DEPLOYMENT_TARGET = 10.2;
				MTL_ENABLE_DEBUG_INFO = NO;
				SDKROOT = iphoneos;
				SWIFT_OPTIMIZATION_LEVEL = "-Owholemodule";
				TARGETED_DEVICE_FAMILY = "1,2";
				VALIDATE_PRODUCT = YES;
			};
			name = Release;
		};
		D0B0BA8D1E764443001BA126 /* Debug */ = {
			isa = XCBuildConfiguration;
			baseConfigurationReference = 16738DD57B0011FEEDFE6D1E /* Pods-PVfessions.debug.xcconfig */;
			buildSettings = {
				ASSETCATALOG_COMPILER_APPICON_NAME = AppIcon;
				DEVELOPMENT_TEAM = 96QE7H4LVL;
				INFOPLIST_FILE = PVfessions/Info.plist;
				LD_RUNPATH_SEARCH_PATHS = "$(inherited) @executable_path/Frameworks";
				PRODUCT_BUNDLE_IDENTIFIER = com.justinmatsnev.PVfessions;
				PRODUCT_NAME = "$(TARGET_NAME)";
				SWIFT_VERSION = 3.0;
			};
			name = Debug;
		};
		D0B0BA8E1E764443001BA126 /* Release */ = {
			isa = XCBuildConfiguration;
			baseConfigurationReference = 241DB9E976EE83D5DBF0188C /* Pods-PVfessions.release.xcconfig */;
			buildSettings = {
				ASSETCATALOG_COMPILER_APPICON_NAME = AppIcon;
				DEVELOPMENT_TEAM = 96QE7H4LVL;
				INFOPLIST_FILE = PVfessions/Info.plist;
				LD_RUNPATH_SEARCH_PATHS = "$(inherited) @executable_path/Frameworks";
				PRODUCT_BUNDLE_IDENTIFIER = com.justinmatsnev.PVfessions;
				PRODUCT_NAME = "$(TARGET_NAME)";
				SWIFT_VERSION = 3.0;
			};
			name = Release;
		};
		D0B0BA901E764443001BA126 /* Debug */ = {
			isa = XCBuildConfiguration;
			baseConfigurationReference = EBFE5FD42CF5434EBF1FB71F /* Pods-PVfessionsTests.debug.xcconfig */;
			buildSettings = {
				ALWAYS_EMBED_SWIFT_STANDARD_LIBRARIES = YES;
				BUNDLE_LOADER = "$(TEST_HOST)";
				DEVELOPMENT_TEAM = 96QE7H4LVL;
				INFOPLIST_FILE = PVfessionsTests/Info.plist;
				LD_RUNPATH_SEARCH_PATHS = "$(inherited) @executable_path/Frameworks @loader_path/Frameworks";
				PRODUCT_BUNDLE_IDENTIFIER = com.justinmatsnev.PVfessionsTests;
				PRODUCT_NAME = "$(TARGET_NAME)";
				SWIFT_VERSION = 3.0;
				TEST_HOST = "$(BUILT_PRODUCTS_DIR)/PVfessions.app/PVfessions";
			};
			name = Debug;
		};
		D0B0BA911E764443001BA126 /* Release */ = {
			isa = XCBuildConfiguration;
			baseConfigurationReference = ACC208210578211505A83212 /* Pods-PVfessionsTests.release.xcconfig */;
			buildSettings = {
				ALWAYS_EMBED_SWIFT_STANDARD_LIBRARIES = YES;
				BUNDLE_LOADER = "$(TEST_HOST)";
				DEVELOPMENT_TEAM = 96QE7H4LVL;
				INFOPLIST_FILE = PVfessionsTests/Info.plist;
				LD_RUNPATH_SEARCH_PATHS = "$(inherited) @executable_path/Frameworks @loader_path/Frameworks";
				PRODUCT_BUNDLE_IDENTIFIER = com.justinmatsnev.PVfessionsTests;
				PRODUCT_NAME = "$(TARGET_NAME)";
				SWIFT_VERSION = 3.0;
				TEST_HOST = "$(BUILT_PRODUCTS_DIR)/PVfessions.app/PVfessions";
			};
			name = Release;
		};
		D0B0BA931E764443001BA126 /* Debug */ = {
			isa = XCBuildConfiguration;
			baseConfigurationReference = 9ACEFC9E0E3C06B58EEB3721 /* Pods-PVfessionsUITests.debug.xcconfig */;
			buildSettings = {
				ALWAYS_EMBED_SWIFT_STANDARD_LIBRARIES = YES;
				DEVELOPMENT_TEAM = 96QE7H4LVL;
				INFOPLIST_FILE = PVfessionsUITests/Info.plist;
				LD_RUNPATH_SEARCH_PATHS = "$(inherited) @executable_path/Frameworks @loader_path/Frameworks";
				PRODUCT_BUNDLE_IDENTIFIER = com.justinmatsnev.PVfessionsUITests;
				PRODUCT_NAME = "$(TARGET_NAME)";
				SWIFT_VERSION = 3.0;
				TEST_TARGET_NAME = PVfessions;
			};
			name = Debug;
		};
		D0B0BA941E764443001BA126 /* Release */ = {
			isa = XCBuildConfiguration;
			baseConfigurationReference = 4961BE6D5FDA37B54709C857 /* Pods-PVfessionsUITests.release.xcconfig */;
			buildSettings = {
				ALWAYS_EMBED_SWIFT_STANDARD_LIBRARIES = YES;
				DEVELOPMENT_TEAM = 96QE7H4LVL;
				INFOPLIST_FILE = PVfessionsUITests/Info.plist;
				LD_RUNPATH_SEARCH_PATHS = "$(inherited) @executable_path/Frameworks @loader_path/Frameworks";
				PRODUCT_BUNDLE_IDENTIFIER = com.justinmatsnev.PVfessionsUITests;
				PRODUCT_NAME = "$(TARGET_NAME)";
				SWIFT_VERSION = 3.0;
				TEST_TARGET_NAME = PVfessions;
			};
			name = Release;
		};
/* End XCBuildConfiguration section */

/* Begin XCConfigurationList section */
		D0B0BA5F1E764442001BA126 /* Build configuration list for PBXProject "PVfessions" */ = {
			isa = XCConfigurationList;
			buildConfigurations = (
				D0B0BA8A1E764443001BA126 /* Debug */,
				D0B0BA8B1E764443001BA126 /* Release */,
			);
			defaultConfigurationIsVisible = 0;
			defaultConfigurationName = Release;
		};
		D0B0BA8C1E764443001BA126 /* Build configuration list for PBXNativeTarget "PVfessions" */ = {
			isa = XCConfigurationList;
			buildConfigurations = (
				D0B0BA8D1E764443001BA126 /* Debug */,
				D0B0BA8E1E764443001BA126 /* Release */,
			);
			defaultConfigurationIsVisible = 0;
		};
		D0B0BA8F1E764443001BA126 /* Build configuration list for PBXNativeTarget "PVfessionsTests" */ = {
			isa = XCConfigurationList;
			buildConfigurations = (
				D0B0BA901E764443001BA126 /* Debug */,
				D0B0BA911E764443001BA126 /* Release */,
			);
			defaultConfigurationIsVisible = 0;
		};
		D0B0BA921E764443001BA126 /* Build configuration list for PBXNativeTarget "PVfessionsUITests" */ = {
			isa = XCConfigurationList;
			buildConfigurations = (
				D0B0BA931E764443001BA126 /* Debug */,
				D0B0BA941E764443001BA126 /* Release */,
			);
			defaultConfigurationIsVisible = 0;
		};
/* End XCConfigurationList section */
	};
	rootObject = D0B0BA5C1E764442001BA126 /* Project object */;
}
